
Microsoft Visual Studio Solution File, Format Version 12.00
# Visual Studio 2013
VisualStudioVersion = 12.0.31101.0
MinimumVisualStudioVersion = 10.0.40219.1
Project("{FAE04EC0-301F-11D3-BF4B-00C04F79EFBC}") = "Capture", "Capture\Capture.csproj", "{F328B021-6188-4DC0-8036-8F0869F00A1B}"
EndProject
Project("{8BC9CEB8-8B4A-11D0-8D11-00A0C91BC942}") = "CppCapture", "CppCapture\DirectShowCapture.vcxproj", "{1C7D191A-D348-46AA-964D-47FE9B507772}"
EndProject
Global
	GlobalSection(SolutionConfigurationPlatforms) = preSolution
		Debug|Any CPU = Debug|Any CPU
		Debug|Mixed Platforms = Debug|Mixed Platforms
		Debug|Win32 = Debug|Win32
		Release|Any CPU = Release|Any CPU
		Release|Mixed Platforms = Release|Mixed Platforms
		Release|Win32 = Release|Win32
	EndGlobalSection
	GlobalSection(ProjectConfigurationPlatforms) = postSolution
		{F328B021-6188-4DC0-8036-8F0869F00A1B}.Debug|Any CPU.ActiveCfg = Debug|Any CPU
		{F328B021-6188-4DC0-8036-8F0869F00A1B}.Debug|Any CPU.Build.0 = Debug|Any CPU
		{F328B021-6188-4DC0-8036-8F0869F00A1B}.Debug|Mixed Platforms.ActiveCfg = Debug|Any CPU
		{F328B021-6188-4DC0-8036-8F0869F00A1B}.Debug|Mixed Platforms.Build.0 = Debug|Any CPU
		{F328B021-6188-4DC0-8036-8F0869F00A1B}.Debug|Win32.ActiveCfg = Debug|Any CPU
		{F328B021-6188-4DC0-8036-8F0869F00A1B}.Release|Any CPU.ActiveCfg = Release|Any CPU
		{F328B021-6188-4DC0-8036-8F0869F00A1B}.Release|Any CPU.Build.0 = Release|Any CPU
		{F328B021-6188-4DC0-8036-8F0869F00A1B}.Release|Mixed Platforms.ActiveCfg = Release|Any CPU
		{F328B021-6188-4DC0-8036-8F0869F00A1B}.Release|Mixed Platforms.Build.0 = Release|Any CPU
		{F328B021-6188-4DC0-8036-8F0869F00A1B}.Release|Win32.ActiveCfg = Release|Any CPU
		{1C7D191A-D348-46AA-964D-47FE9B507772}.Debug|Any CPU.ActiveCfg = Debug|Win32
		{1C7D191A-D348-46AA-964D-47FE9B507772}.Debug|Mixed Platforms.ActiveCfg = Debug|Win32
		{1C7D191A-D348-46AA-964D-47FE9B507772}.Debug|Mixed Platforms.Build.0 = Debug|Win32
		{1C7D191A-D348-46AA-964D-47FE9B507772}.Debug|Win32.ActiveCfg = Debug|Win32
		{1C7D191A-D348-46AA-964D-47FE9B507772}.Debug|Win32.Build.0 = Debug|Win32
		{1C7D191A-D348-46AA-964D-47FE9B507772}.Release|Any CPU.ActiveCfg = Release|Win32
		{1C7D191A-D348-46AA-964D-47FE9B507772}.Release|Mixed Platforms.ActiveCfg = Release|Win32
		{1C7D191A-D348-46AA-964D-47FE9B507772}.Release|Mixed Platforms.Build.0 = Release|Win32
		{1C7D191A-D348-46AA-964D-47FE9B507772}.Release|Win32.ActiveCfg = Release|Win32
		{1C7D191A-D348-46AA-964D-47FE9B507772}.Release|Win32.Build.0 = Release|Win32
	EndGlobalSection
	GlobalSection(SolutionProperties) = preSolution
		HideSolutionNode = FALSE
	EndGlobalSection
EndGlobal
